
Microsoft Visual Studio Solution File, Format Version 12.00
# Visual Studio Version 17
VisualStudioVersion = 17.3.32825.248
MinimumVisualStudioVersion = 10.0.40219.1
Project("{FAE04EC0-301F-11D3-BF4B-00C04F79EFBC}") = "Q1", "Q1\Q1.csproj", "{8682A7D4-1E56-443C-A76F-8D7B3E6FAA6D}"
EndProject
Project("{FAE04EC0-301F-11D3-BF4B-00C04F79EFBC}") = "Q2", "Q2\Q2.csproj", "{0508C4F4-8375-48BF-BD42-62E5839300D8}"
EndProject
Project("{FAE04EC0-301F-11D3-BF4B-00C04F79EFBC}") = "Q3", "Q3\Q3.csproj", "{D204A6B4-A28C-4687-87EB-1E1774033FA5}"
EndProject
Project("{FAE04EC0-301F-11D3-BF4B-00C04F79EFBC}") = "Q4", "Q4\Q4.csproj", "{CF0C8960-99B1-48CA-9468-9E820BC98EB0}"
EndProject
Global
	GlobalSection(SolutionConfigurationPlatforms) = preSolution
		Debug|Any CPU = Debug|Any CPU
		Release|Any CPU = Release|Any CPU
	EndGlobalSection
	GlobalSection(ProjectConfigurationPlatforms) = postSolution
		{8682A7D4-1E56-443C-A76F-8D7B3E6FAA6D}.Debug|Any CPU.ActiveCfg = Debug|Any CPU
		{8682A7D4-1E56-443C-A76F-8D7B3E6FAA6D}.Debug|Any CPU.Build.0 = Debug|Any CPU
		{8682A7D4-1E56-443C-A76F-8D7B3E6FAA6D}.Release|Any CPU.ActiveCfg = Release|Any CPU
		{8682A7D4-1E56-443C-A76F-8D7B3E6FAA6D}.Release|Any CPU.Build.0 = Release|Any CPU
		{0508C4F4-8375-48BF-BD42-62E5839300D8}.Debug|Any CPU.ActiveCfg = Debug|Any CPU
		{0508C4F4-8375-48BF-BD42-62E5839300D8}.Debug|Any CPU.Build.0 = Debug|Any CPU
		{0508C4F4-8375-48BF-BD42-62E5839300D8}.Release|Any CPU.ActiveCfg = Release|Any CPU
		{0508C4F4-8375-48BF-BD42-62E5839300D8}.Release|Any CPU.Build.0 = Release|Any CPU
		{D204A6B4-A28C-4687-87EB-1E1774033FA5}.Debug|Any CPU.ActiveCfg = Debug|Any CPU
		{D204A6B4-A28C-4687-87EB-1E1774033FA5}.Debug|Any CPU.Build.0 = Debug|Any CPU
		{D204A6B4-A28C-4687-87EB-1E1774033FA5}.Release|Any CPU.ActiveCfg = Release|Any CPU
		{D204A6B4-A28C-4687-87EB-1E1774033FA5}.Release|Any CPU.Build.0 = Release|Any CPU
		{CF0C8960-99B1-48CA-9468-9E820BC98EB0}.Debug|Any CPU.ActiveCfg = Debug|Any CPU
		{CF0C8960-99B1-48CA-9468-9E820BC98EB0}.Debug|Any CPU.Build.0 = Debug|Any CPU
		{CF0C8960-99B1-48CA-9468-9E820BC98EB0}.Release|Any CPU.ActiveCfg = Release|Any CPU
		{CF0C8960-99B1-48CA-9468-9E820BC98EB0}.Release|Any CPU.Build.0 = Release|Any CPU
	EndGlobalSection
	GlobalSection(SolutionProperties) = preSolution
		HideSolutionNode = FALSE
	EndGlobalSection
	GlobalSection(ExtensibilityGlobals) = postSolution
		SolutionGuid = {C5B6F3C6-E691-4628-B362-7F873A024F18}
	EndGlobalSection
EndGlobal
